
Microsoft Visual Studio Solution File, Format Version 12.00
# Visual Studio Version 17
VisualStudioVersion = 17.2.32616.157
MinimumVisualStudioVersion = 10.0.40219.1
Project("{FAE04EC0-301F-11D3-BF4B-00C04F79EFBC}") = "Implement_Identity_In_MVC_App", "Implement_Identity_In_MVC_App\Implement_Identity_In_MVC_App.csproj", "{89366D0A-00EA-4591-868A-0D61A205D97B}"
EndProject
Global
	GlobalSection(SolutionConfigurationPlatforms) = preSolution
		Debug|Any CPU = Debug|Any CPU
		Release|Any CPU = Release|Any CPU
	EndGlobalSection
	GlobalSection(ProjectConfigurationPlatforms) = postSolution
		{89366D0A-00EA-4591-868A-0D61A205D97B}.Debug|Any CPU.ActiveCfg = Debug|Any CPU
		{89366D0A-00EA-4591-868A-0D61A205D97B}.Debug|Any CPU.Build.0 = Debug|Any CPU
		{89366D0A-00EA-4591-868A-0D61A205D97B}.Release|Any CPU.ActiveCfg = Release|Any CPU
		{89366D0A-00EA-4591-868A-0D61A205D97B}.Release|Any CPU.Build.0 = Release|Any CPU
	EndGlobalSection
	GlobalSection(SolutionProperties) = preSolution
		HideSolutionNode = FALSE
	EndGlobalSection
	GlobalSection(ExtensibilityGlobals) = postSolution
		SolutionGuid = {FB7DBBBD-F83E-4463-94B4-D709CCC656EE}
	EndGlobalSection
EndGlobal
